
Microsoft Visual Studio Solution File, Format Version 12.00
# Visual Studio Version 17
VisualStudioVersion = 17.14.36401.2 d17.14
MinimumVisualStudioVersion = 10.0.40219.1
Project("{FAE04EC0-301F-11D3-BF4B-00C04F79EFBC}") = "WebApplication2", "WebApplication2.csproj", "{C121B665-9DC8-4268-A0FA-89CD92C7A3BD}"
EndProject
Global
	GlobalSection(SolutionConfigurationPlatforms) = preSolution
		Debug|Any CPU = Debug|Any CPU
		Release|Any CPU = Release|Any CPU
	EndGlobalSection
	GlobalSection(ProjectConfigurationPlatforms) = postSolution
		{C121B665-9DC8-4268-A0FA-89CD92C7A3BD}.Debug|Any CPU.ActiveCfg = Debug|Any CPU
		{C121B665-9DC8-4268-A0FA-89CD92C7A3BD}.Debug|Any CPU.Build.0 = Debug|Any CPU
		{C121B665-9DC8-4268-A0FA-89CD92C7A3BD}.Release|Any CPU.ActiveCfg = Release|Any CPU
		{C121B665-9DC8-4268-A0FA-89CD92C7A3BD}.Release|Any CPU.Build.0 = Release|Any CPU
	EndGlobalSection
	GlobalSection(SolutionProperties) = preSolution
		HideSolutionNode = FALSE
	EndGlobalSection
	GlobalSection(ExtensibilityGlobals) = postSolution
		SolutionGuid = {A6CB7D46-A5B3-4091-BD9E-E7F48405BC9E}
	EndGlobalSection
EndGlobal
